// !$*UTF8*$!
{
	archiveVersion = 1;
	classes = {
	};
	objectVersion = 50;
	objects = {

/* Begin PBXBuildFile section */
		082579FE0ED5EB244DB36D86 /* Pods_Planet.framework in Frameworks */ = {isa = PBXBuildFile; fileRef = EDBA6F766DB7D2DCE922FC40 /* Pods_Planet.framework */; };
		0A1A12E8FE000D4494E64F7D /* Pods_PlanetUITests.framework in Frameworks */ = {isa = PBXBuildFile; fileRef = E2EB3F41C24E0CCA18945F3C /* Pods_PlanetUITests.framework */; };
		5C364CFE2183530E004E7318 /* NavigationController.swift in Sources */ = {isa = PBXBuildFile; fileRef = 5C364CFD2183530E004E7318 /* NavigationController.swift */; };
		5C364D0121835655004E7318 /* CommandProvider.swift in Sources */ = {isa = PBXBuildFile; fileRef = 5C364D0021835655004E7318 /* CommandProvider.swift */; };
		5C364D03218356F1004E7318 /* Command.swift in Sources */ = {isa = PBXBuildFile; fileRef = 5C364D02218356F1004E7318 /* Command.swift */; };
		5C364D0921836566004E7318 /* CommandBuilder.swift in Sources */ = {isa = PBXBuildFile; fileRef = 5C364D0821836566004E7318 /* CommandBuilder.swift */; };
		5C364D0C21836686004E7318 /* AppDelegateActive.swift in Sources */ = {isa = PBXBuildFile; fileRef = 5C364D0B21836686004E7318 /* AppDelegateActive.swift */; };
		5C364D0E21840BD9004E7318 /* PushNotificationsAppDelegate.swift in Sources */ = {isa = PBXBuildFile; fileRef = 5C364D0D21840BD9004E7318 /* PushNotificationsAppDelegate.swift */; };
		5C364D1021840CD3004E7318 /* AppearanceAppDelegate.swift in Sources */ = {isa = PBXBuildFile; fileRef = 5C364D0F21840CD3004E7318 /* AppearanceAppDelegate.swift */; };
		5C364D1321840F16004E7318 /* ViewControllerAppDelegate.swift in Sources */ = {isa = PBXBuildFile; fileRef = 5C364D1221840F16004E7318 /* ViewControllerAppDelegate.swift */; };
		5C364D152184169B004E7318 /* ThirdPartiesConfiguratorAppDelegate.swift in Sources */ = {isa = PBXBuildFile; fileRef = 5C364D142184169B004E7318 /* ThirdPartiesConfiguratorAppDelegate.swift */; };
		5C364D1721841C8E004E7318 /* AppDelegateFactory.swift in Sources */ = {isa = PBXBuildFile; fileRef = 5C364D1621841C8E004E7318 /* AppDelegateFactory.swift */; };
		5C73155C2180AA39008687A5 /* AppDelegate.swift in Sources */ = {isa = PBXBuildFile; fileRef = 5C73155B2180AA39008687A5 /* AppDelegate.swift */; };
		5C73155E2180AA39008687A5 /* ViewController.swift in Sources */ = {isa = PBXBuildFile; fileRef = 5C73155D2180AA39008687A5 /* ViewController.swift */; };
		5C7315632180AA3A008687A5 /* Assets.xcassets in Resources */ = {isa = PBXBuildFile; fileRef = 5C7315622180AA3A008687A5 /* Assets.xcassets */; };
		5C7315662180AA3A008687A5 /* LaunchScreen.storyboard in Resources */ = {isa = PBXBuildFile; fileRef = 5C7315642180AA3A008687A5 /* LaunchScreen.storyboard */; };
		5C7315712180AA3A008687A5 /* PlanetTests.swift in Sources */ = {isa = PBXBuildFile; fileRef = 5C7315702180AA3A008687A5 /* PlanetTests.swift */; };
		5C73157C2180AA3B008687A5 /* PlanetUITests.swift in Sources */ = {isa = PBXBuildFile; fileRef = 5C73157B2180AA3B008687A5 /* PlanetUITests.swift */; };
		5CA605E32183423100ACF852 /* Service.swift in Sources */ = {isa = PBXBuildFile; fileRef = 5CA605E22183423100ACF852 /* Service.swift */; };
		5CA605E6218342F500ACF852 /* HomeViewController.swift in Sources */ = {isa = PBXBuildFile; fileRef = 5CA605E5218342F500ACF852 /* HomeViewController.swift */; };
		5CA605E82183433100ACF852 /* ProfileViewController.swift in Sources */ = {isa = PBXBuildFile; fileRef = 5CA605E72183433100ACF852 /* ProfileViewController.swift */; };
		5CA605EA2183435200ACF852 /* DiscoverViewController.swift in Sources */ = {isa = PBXBuildFile; fileRef = 5CA605E92183435200ACF852 /* DiscoverViewController.swift */; };
		5CA605EC2183439D00ACF852 /* FavoriteViewController.swift in Sources */ = {isa = PBXBuildFile; fileRef = 5CA605EB2183439D00ACF852 /* FavoriteViewController.swift */; };
		5CA605F6218344DD00ACF852 /* TabBarController.swift in Sources */ = {isa = PBXBuildFile; fileRef = 5CA605F5218344DD00ACF852 /* TabBarController.swift */; };
		5CD561702185C3BD005B008E /* TargetAction.swift in Sources */ = {isa = PBXBuildFile; fileRef = 5CD5616F2185C3BD005B008E /* TargetAction.swift */; };
		D040FCE9952B991938D60088 /* Pods_PlanetTests.framework in Frameworks */ = {isa = PBXBuildFile; fileRef = 121036D2949ABEFE06E0ED09 /* Pods_PlanetTests.framework */; };
/* End PBXBuildFile section */

/* Begin PBXContainerItemProxy section */
		5C73156D2180AA3A008687A5 /* PBXContainerItemProxy */ = {
			isa = PBXContainerItemProxy;
			containerPortal = 5C7315502180AA39008687A5 /* Project object */;
			proxyType = 1;
			remoteGlobalIDString = 5C7315572180AA39008687A5;
			remoteInfo = Planet;
		};
		5C7315782180AA3B008687A5 /* PBXContainerItemProxy */ = {
			isa = PBXContainerItemProxy;
			containerPortal = 5C7315502180AA39008687A5 /* Project object */;
			proxyType = 1;
			remoteGlobalIDString = 5C7315572180AA39008687A5;
			remoteInfo = Planet;
		};
/* End PBXContainerItemProxy section */

/* Begin PBXFileReference section */
		0675695548FABCECB6467F6B /* Pods-PlanetTests.release.xcconfig */ = {isa = PBXFileReference; includeInIndex = 1; lastKnownFileType = text.xcconfig; name = "Pods-PlanetTests.release.xcconfig"; path = "Pods/Target Support Files/Pods-PlanetTests/Pods-PlanetTests.release.xcconfig"; sourceTree = "<group>"; };
		121036D2949ABEFE06E0ED09 /* Pods_PlanetTests.framework */ = {isa = PBXFileReference; explicitFileType = wrapper.framework; includeInIndex = 0; path = Pods_PlanetTests.framework; sourceTree = BUILT_PRODUCTS_DIR; };
		1B27B003E6B6A0EB40F157C6 /* Pods-PlanetTests.debug.xcconfig */ = {isa = PBXFileReference; includeInIndex = 1; lastKnownFileType = text.xcconfig; name = "Pods-PlanetTests.debug.xcconfig"; path = "Pods/Target Support Files/Pods-PlanetTests/Pods-PlanetTests.debug.xcconfig"; sourceTree = "<group>"; };
		3541C661A7D954443BD53E0B /* Pods-Planet.debug.xcconfig */ = {isa = PBXFileReference; includeInIndex = 1; lastKnownFileType = text.xcconfig; name = "Pods-Planet.debug.xcconfig"; path = "Pods/Target Support Files/Pods-Planet/Pods-Planet.debug.xcconfig"; sourceTree = "<group>"; };
		5C364CFD2183530E004E7318 /* NavigationController.swift */ = {isa = PBXFileReference; lastKnownFileType = sourcecode.swift; path = NavigationController.swift; sourceTree = "<group>"; };
		5C364D0021835655004E7318 /* CommandProvider.swift */ = {isa = PBXFileReference; lastKnownFileType = sourcecode.swift; path = CommandProvider.swift; sourceTree = "<group>"; };
		5C364D02218356F1004E7318 /* Command.swift */ = {isa = PBXFileReference; lastKnownFileType = sourcecode.swift; path = Command.swift; sourceTree = "<group>"; };
		5C364D0821836566004E7318 /* CommandBuilder.swift */ = {isa = PBXFileReference; lastKnownFileType = sourcecode.swift; path = CommandBuilder.swift; sourceTree = "<group>"; };
		5C364D0B21836686004E7318 /* AppDelegateActive.swift */ = {isa = PBXFileReference; lastKnownFileType = sourcecode.swift; path = AppDelegateActive.swift; sourceTree = "<group>"; };
		5C364D0D21840BD9004E7318 /* PushNotificationsAppDelegate.swift */ = {isa = PBXFileReference; lastKnownFileType = sourcecode.swift; path = PushNotificationsAppDelegate.swift; sourceTree = "<group>"; };
		5C364D0F21840CD3004E7318 /* AppearanceAppDelegate.swift */ = {isa = PBXFileReference; lastKnownFileType = sourcecode.swift; path = AppearanceAppDelegate.swift; sourceTree = "<group>"; };
		5C364D1221840F16004E7318 /* ViewControllerAppDelegate.swift */ = {isa = PBXFileReference; lastKnownFileType = sourcecode.swift; path = ViewControllerAppDelegate.swift; sourceTree = "<group>"; };
		5C364D142184169B004E7318 /* ThirdPartiesConfiguratorAppDelegate.swift */ = {isa = PBXFileReference; lastKnownFileType = sourcecode.swift; path = ThirdPartiesConfiguratorAppDelegate.swift; sourceTree = "<group>"; };
		5C364D1621841C8E004E7318 /* AppDelegateFactory.swift */ = {isa = PBXFileReference; lastKnownFileType = sourcecode.swift; path = AppDelegateFactory.swift; sourceTree = "<group>"; };
		5C7315582180AA39008687A5 /* Planet.app */ = {isa = PBXFileReference; explicitFileType = wrapper.application; includeInIndex = 0; path = Planet.app; sourceTree = BUILT_PRODUCTS_DIR; };
		5C73155B2180AA39008687A5 /* AppDelegate.swift */ = {isa = PBXFileReference; lastKnownFileType = sourcecode.swift; path = AppDelegate.swift; sourceTree = "<group>"; };
		5C73155D2180AA39008687A5 /* ViewController.swift */ = {isa = PBXFileReference; lastKnownFileType = sourcecode.swift; path = ViewController.swift; sourceTree = "<group>"; };
		5C7315622180AA3A008687A5 /* Assets.xcassets */ = {isa = PBXFileReference; lastKnownFileType = folder.assetcatalog; path = Assets.xcassets; sourceTree = "<group>"; };
		5C7315652180AA3A008687A5 /* Base */ = {isa = PBXFileReference; lastKnownFileType = file.storyboard; name = Base; path = Base.lproj/LaunchScreen.storyboard; sourceTree = "<group>"; };
		5C7315672180AA3A008687A5 /* Info.plist */ = {isa = PBXFileReference; lastKnownFileType = text.plist.xml; path = Info.plist; sourceTree = "<group>"; };
		5C73156C2180AA3A008687A5 /* PlanetTests.xctest */ = {isa = PBXFileReference; explicitFileType = wrapper.cfbundle; includeInIndex = 0; path = PlanetTests.xctest; sourceTree = BUILT_PRODUCTS_DIR; };
		5C7315702180AA3A008687A5 /* PlanetTests.swift */ = {isa = PBXFileReference; lastKnownFileType = sourcecode.swift; path = PlanetTests.swift; sourceTree = "<group>"; };
		5C7315722180AA3A008687A5 /* Info.plist */ = {isa = PBXFileReference; lastKnownFileType = text.plist.xml; path = Info.plist; sourceTree = "<group>"; };
		5C7315772180AA3B008687A5 /* PlanetUITests.xctest */ = {isa = PBXFileReference; explicitFileType = wrapper.cfbundle; includeInIndex = 0; path = PlanetUITests.xctest; sourceTree = BUILT_PRODUCTS_DIR; };
		5C73157B2180AA3B008687A5 /* PlanetUITests.swift */ = {isa = PBXFileReference; lastKnownFileType = sourcecode.swift; path = PlanetUITests.swift; sourceTree = "<group>"; };
		5C73157D2180AA3B008687A5 /* Info.plist */ = {isa = PBXFileReference; lastKnownFileType = text.plist.xml; path = Info.plist; sourceTree = "<group>"; };
		5CA605E22183423100ACF852 /* Service.swift */ = {isa = PBXFileReference; lastKnownFileType = sourcecode.swift; name = Service.swift; path = ../../../../iOS/BlockDemo01/BlockDemo01/Service.swift; sourceTree = "<group>"; };
		5CA605E5218342F500ACF852 /* HomeViewController.swift */ = {isa = PBXFileReference; lastKnownFileType = sourcecode.swift; path = HomeViewController.swift; sourceTree = "<group>"; };
		5CA605E72183433100ACF852 /* ProfileViewController.swift */ = {isa = PBXFileReference; lastKnownFileType = sourcecode.swift; path = ProfileViewController.swift; sourceTree = "<group>"; };
		5CA605E92183435200ACF852 /* DiscoverViewController.swift */ = {isa = PBXFileReference; lastKnownFileType = sourcecode.swift; path = DiscoverViewController.swift; sourceTree = "<group>"; };
		5CA605EB2183439D00ACF852 /* FavoriteViewController.swift */ = {isa = PBXFileReference; lastKnownFileType = sourcecode.swift; path = FavoriteViewController.swift; sourceTree = "<group>"; };
		5CA605F5218344DD00ACF852 /* TabBarController.swift */ = {isa = PBXFileReference; lastKnownFileType = sourcecode.swift; path = TabBarController.swift; sourceTree = "<group>"; };
		5CD5616F2185C3BD005B008E /* TargetAction.swift */ = {isa = PBXFileReference; lastKnownFileType = sourcecode.swift; path = TargetAction.swift; sourceTree = "<group>"; };
		5FFA383E53BAD859AE6D313D /* Pods-PlanetUITests.release.xcconfig */ = {isa = PBXFileReference; includeInIndex = 1; lastKnownFileType = text.xcconfig; name = "Pods-PlanetUITests.release.xcconfig"; path = "Pods/Target Support Files/Pods-PlanetUITests/Pods-PlanetUITests.release.xcconfig"; sourceTree = "<group>"; };
		E2EB3F41C24E0CCA18945F3C /* Pods_PlanetUITests.framework */ = {isa = PBXFileReference; explicitFileType = wrapper.framework; includeInIndex = 0; path = Pods_PlanetUITests.framework; sourceTree = BUILT_PRODUCTS_DIR; };
		EDBA6F766DB7D2DCE922FC40 /* Pods_Planet.framework */ = {isa = PBXFileReference; explicitFileType = wrapper.framework; includeInIndex = 0; path = Pods_Planet.framework; sourceTree = BUILT_PRODUCTS_DIR; };
		F036DFC856CCCE498C688F8B /* Pods-Planet.release.xcconfig */ = {isa = PBXFileReference; includeInIndex = 1; lastKnownFileType = text.xcconfig; name = "Pods-Planet.release.xcconfig"; path = "Pods/Target Support Files/Pods-Planet/Pods-Planet.release.xcconfig"; sourceTree = "<group>"; };
		F13A031023A2043860501547 /* Pods-PlanetUITests.debug.xcconfig */ = {isa = PBXFileReference; includeInIndex = 1; lastKnownFileType = text.xcconfig; name = "Pods-PlanetUITests.debug.xcconfig"; path = "Pods/Target Support Files/Pods-PlanetUITests/Pods-PlanetUITests.debug.xcconfig"; sourceTree = "<group>"; };
/* End PBXFileReference section */

/* Begin PBXFrameworksBuildPhase section */
		5C7315552180AA39008687A5 /* Frameworks */ = {
			isa = PBXFrameworksBuildPhase;
			buildActionMask = 2147483647;
			files = (
				082579FE0ED5EB244DB36D86 /* Pods_Planet.framework in Frameworks */,
			);
			runOnlyForDeploymentPostprocessing = 0;
		};
		5C7315692180AA3A008687A5 /* Frameworks */ = {
			isa = PBXFrameworksBuildPhase;
			buildActionMask = 2147483647;
			files = (
				D040FCE9952B991938D60088 /* Pods_PlanetTests.framework in Frameworks */,
			);
			runOnlyForDeploymentPostprocessing = 0;
		};
		5C7315742180AA3B008687A5 /* Frameworks */ = {
			isa = PBXFrameworksBuildPhase;
			buildActionMask = 2147483647;
			files = (
				0A1A12E8FE000D4494E64F7D /* Pods_PlanetUITests.framework in Frameworks */,
			);
			runOnlyForDeploymentPostprocessing = 0;
		};
/* End PBXFrameworksBuildPhase section */

/* Begin PBXGroup section */
		2798C9C813904A28ECDF564B /* Frameworks */ = {
			isa = PBXGroup;
			children = (
				EDBA6F766DB7D2DCE922FC40 /* Pods_Planet.framework */,
				121036D2949ABEFE06E0ED09 /* Pods_PlanetTests.framework */,
				E2EB3F41C24E0CCA18945F3C /* Pods_PlanetUITests.framework */,
			);
			name = Frameworks;
			sourceTree = "<group>";
		};
		5C364CFF21835632004E7318 /* Commands */ = {
			isa = PBXGroup;
			children = (
				5C364D02218356F1004E7318 /* Command.swift */,
				5C364D0821836566004E7318 /* CommandBuilder.swift */,
				5C364D0021835655004E7318 /* CommandProvider.swift */,
			);
			path = Commands;
			sourceTree = "<group>";
		};
		5C364D04218364BF004E7318 /* Queue */ = {
			isa = PBXGroup;
			children = (
			);
			path = Queue;
			sourceTree = "<group>";
		};
		5C364D05218364FE004E7318 /* Events */ = {
			isa = PBXGroup;
			children = (
			);
			path = Events;
			sourceTree = "<group>";
		};
		5C364D062183650E004E7318 /* Notifications */ = {
			isa = PBXGroup;
			children = (
			);
			path = Notifications;
			sourceTree = "<group>";
		};
		5C364D0A2183662B004E7318 /* AppDelegate */ = {
			isa = PBXGroup;
			children = (
				5C364D0B21836686004E7318 /* AppDelegateActive.swift */,
				5C364D1621841C8E004E7318 /* AppDelegateFactory.swift */,
				5C364D0F21840CD3004E7318 /* AppearanceAppDelegate.swift */,
				5C364D0D21840BD9004E7318 /* PushNotificationsAppDelegate.swift */,
				5C364D142184169B004E7318 /* ThirdPartiesConfiguratorAppDelegate.swift */,
				5C364D1221840F16004E7318 /* ViewControllerAppDelegate.swift */,
			);
			path = AppDelegate;
			sourceTree = "<group>";
		};
		5C364D1121840DD8004E7318 /* Application */ = {
			isa = PBXGroup;
			children = (
			);
			path = Application;
			sourceTree = "<group>";
		};
		5C73154F2180AA39008687A5 = {
			isa = PBXGroup;
			children = (
				2798C9C813904A28ECDF564B /* Frameworks */,
				5C73155A2180AA39008687A5 /* Planet */,
				5C73156F2180AA3A008687A5 /* PlanetTests */,
				5C73157A2180AA3B008687A5 /* PlanetUITests */,
				AD07EB01F0129A81242B1E67 /* Pods */,
				5C7315592180AA39008687A5 /* Products */,
			);
			sourceTree = "<group>";
		};
		5C7315592180AA39008687A5 /* Products */ = {
			isa = PBXGroup;
			children = (
				5C7315582180AA39008687A5 /* Planet.app */,
				5C73156C2180AA3A008687A5 /* PlanetTests.xctest */,
				5C7315772180AA3B008687A5 /* PlanetUITests.xctest */,
			);
			name = Products;
			sourceTree = "<group>";
		};
		5C73155A2180AA39008687A5 /* Planet */ = {
			isa = PBXGroup;
			children = (
				5CA605D621833E9E00ACF852 /* Activities */,
				5C364D1121840DD8004E7318 /* Application */,
				5C364CFF21835632004E7318 /* Commands */,
				5C364D05218364FE004E7318 /* Events */,
				5CA605DF21833EDA00ACF852 /* Extensions */,
				5CA605D821833EAC00ACF852 /* Layouts */,
				5C364D062183650E004E7318 /* Notifications */,
				5CA605D921833EB100ACF852 /* Protocols */,
				5C364D04218364BF004E7318 /* Queue */,
				5CA605DA21833EB700ACF852 /* RunLoop */,
				5CD3A1422183351E00DECE4C /* Services */,
				5CA605DB21833EC000ACF852 /* Shortcuts */,
				5CA605DC21833EC800ACF852 /* Sounds */,
				5CA605E121833F1E00ACF852 /* Storage */,
				5CA605D721833EA700ACF852 /* Support */,
				5CA605DD21833ECE00ACF852 /* Translation */,
				5CA605E021833EE800ACF852 /* ViewControllers */,
				5CA605DE21833ED500ACF852 /* Views */,
				5C73155B2180AA39008687A5 /* AppDelegate.swift */,
				5C7315622180AA3A008687A5 /* Assets.xcassets */,
				5C7315672180AA3A008687A5 /* Info.plist */,
				5C7315642180AA3A008687A5 /* LaunchScreen.storyboard */,
				5C73155D2180AA39008687A5 /* ViewController.swift */,
			);
			path = Planet;
			sourceTree = "<group>";
		};
		5C73156F2180AA3A008687A5 /* PlanetTests */ = {
			isa = PBXGroup;
			children = (
				5C7315722180AA3A008687A5 /* Info.plist */,
				5C7315702180AA3A008687A5 /* PlanetTests.swift */,
			);
			path = PlanetTests;
			sourceTree = "<group>";
		};
		5C73157A2180AA3B008687A5 /* PlanetUITests */ = {
			isa = PBXGroup;
			children = (
				5C73157D2180AA3B008687A5 /* Info.plist */,
				5C73157B2180AA3B008687A5 /* PlanetUITests.swift */,
			);
			path = PlanetUITests;
			sourceTree = "<group>";
		};
		5CA605D621833E9E00ACF852 /* Activities */ = {
			isa = PBXGroup;
			children = (
				5C364D0A2183662B004E7318 /* AppDelegate */,
			);
			path = Activities;
			sourceTree = "<group>";
		};
		5CA605D721833EA700ACF852 /* Support */ = {
			isa = PBXGroup;
			children = (
				5CD5616E2185C3A2005B008E /* Targets */,
			);
			path = Support;
			sourceTree = "<group>";
		};
		5CA605D821833EAC00ACF852 /* Layouts */ = {
			isa = PBXGroup;
			children = (
			);
			path = Layouts;
			sourceTree = "<group>";
		};
		5CA605D921833EB100ACF852 /* Protocols */ = {
			isa = PBXGroup;
			children = (
			);
			path = Protocols;
			sourceTree = "<group>";
		};
		5CA605DA21833EB700ACF852 /* RunLoop */ = {
			isa = PBXGroup;
			children = (
			);
			path = RunLoop;
			sourceTree = "<group>";
		};
		5CA605DB21833EC000ACF852 /* Shortcuts */ = {
			isa = PBXGroup;
			children = (
			);
			path = Shortcuts;
			sourceTree = "<group>";
		};
		5CA605DC21833EC800ACF852 /* Sounds */ = {
			isa = PBXGroup;
			children = (
			);
			path = Sounds;
			sourceTree = "<group>";
		};
		5CA605DD21833ECE00ACF852 /* Translation */ = {
			isa = PBXGroup;
			children = (
			);
			path = Translation;
			sourceTree = "<group>";
		};
		5CA605DE21833ED500ACF852 /* Views */ = {
			isa = PBXGroup;
			children = (
			);
			path = Views;
			sourceTree = "<group>";
		};
		5CA605DF21833EDA00ACF852 /* Extensions */ = {
			isa = PBXGroup;
			children = (
			);
			path = Extensions;
			sourceTree = "<group>";
		};
		5CA605E021833EE800ACF852 /* ViewControllers */ = {
			isa = PBXGroup;
			children = (
				5CA605E4218342D900ACF852 /* TabBars */,
				5C364CFD2183530E004E7318 /* NavigationController.swift */,
			);
			path = ViewControllers;
			sourceTree = "<group>";
		};
		5CA605E121833F1E00ACF852 /* Storage */ = {
			isa = PBXGroup;
			children = (
			);
			path = Storage;
			sourceTree = "<group>";
		};
		5CA605E4218342D900ACF852 /* TabBars */ = {
			isa = PBXGroup;
			children = (
				5CA605E92183435200ACF852 /* DiscoverViewController.swift */,
				5CA605EB2183439D00ACF852 /* FavoriteViewController.swift */,
				5CA605E5218342F500ACF852 /* HomeViewController.swift */,
				5CA605E72183433100ACF852 /* ProfileViewController.swift */,
				5CA605F5218344DD00ACF852 /* TabBarController.swift */,
			);
			path = TabBars;
			sourceTree = "<group>";
		};
		5CD3A1422183351E00DECE4C /* Services */ = {
			isa = PBXGroup;
			children = (
				5CA605E22183423100ACF852 /* Service.swift */,
			);
			path = Services;
			sourceTree = "<group>";
		};
		5CD5616E2185C3A2005B008E /* Targets */ = {
			isa = PBXGroup;
			children = (
				5CD5616F2185C3BD005B008E /* TargetAction.swift */,
			);
			path = Targets;
			sourceTree = "<group>";
		};
		AD07EB01F0129A81242B1E67 /* Pods */ = {
			isa = PBXGroup;
			children = (
				3541C661A7D954443BD53E0B /* Pods-Planet.debug.xcconfig */,
				F036DFC856CCCE498C688F8B /* Pods-Planet.release.xcconfig */,
				1B27B003E6B6A0EB40F157C6 /* Pods-PlanetTests.debug.xcconfig */,
				0675695548FABCECB6467F6B /* Pods-PlanetTests.release.xcconfig */,
				F13A031023A2043860501547 /* Pods-PlanetUITests.debug.xcconfig */,
				5FFA383E53BAD859AE6D313D /* Pods-PlanetUITests.release.xcconfig */,
			);
			name = Pods;
			sourceTree = "<group>";
		};
/* End PBXGroup section */

/* Begin PBXNativeTarget section */
		5C7315572180AA39008687A5 /* Planet */ = {
			isa = PBXNativeTarget;
			buildConfigurationList = 5C7315802180AA3B008687A5 /* Build configuration list for PBXNativeTarget "Planet" */;
			buildPhases = (
				B2BE8881DB4246D0EB6E62C1 /* [CP] Check Pods Manifest.lock */,
				5C7315542180AA39008687A5 /* Sources */,
				5C7315552180AA39008687A5 /* Frameworks */,
				5C7315562180AA39008687A5 /* Resources */,
				7ABD1034130ADF1415132522 /* [CP] Embed Pods Frameworks */,
			);
			buildRules = (
			);
			dependencies = (
			);
			name = Planet;
			productName = Planet;
			productReference = 5C7315582180AA39008687A5 /* Planet.app */;
			productType = "com.apple.product-type.application";
		};
		5C73156B2180AA3A008687A5 /* PlanetTests */ = {
			isa = PBXNativeTarget;
			buildConfigurationList = 5C7315832180AA3B008687A5 /* Build configuration list for PBXNativeTarget "PlanetTests" */;
			buildPhases = (
				B7443F1557B2E6D370943251 /* [CP] Check Pods Manifest.lock */,
				5C7315682180AA3A008687A5 /* Sources */,
				5C7315692180AA3A008687A5 /* Frameworks */,
				5C73156A2180AA3A008687A5 /* Resources */,
			);
			buildRules = (
			);
			dependencies = (
				5C73156E2180AA3A008687A5 /* PBXTargetDependency */,
			);
			name = PlanetTests;
			productName = PlanetTests;
			productReference = 5C73156C2180AA3A008687A5 /* PlanetTests.xctest */;
			productType = "com.apple.product-type.bundle.unit-test";
		};
		5C7315762180AA3B008687A5 /* PlanetUITests */ = {
			isa = PBXNativeTarget;
			buildConfigurationList = 5C7315862180AA3B008687A5 /* Build configuration list for PBXNativeTarget "PlanetUITests" */;
			buildPhases = (
				36346D51F5E9551AC934CDE3 /* [CP] Check Pods Manifest.lock */,
				5C7315732180AA3B008687A5 /* Sources */,
				5C7315742180AA3B008687A5 /* Frameworks */,
				5C7315752180AA3B008687A5 /* Resources */,
			);
			buildRules = (
			);
			dependencies = (
				5C7315792180AA3B008687A5 /* PBXTargetDependency */,
			);
			name = PlanetUITests;
			productName = PlanetUITests;
			productReference = 5C7315772180AA3B008687A5 /* PlanetUITests.xctest */;
			productType = "com.apple.product-type.bundle.ui-testing";
		};
/* End PBXNativeTarget section */

/* Begin PBXProject section */
		5C7315502180AA39008687A5 /* Project object */ = {
			isa = PBXProject;
			attributes = {
				LastSwiftUpdateCheck = 1000;
				LastUpgradeCheck = 1000;
				ORGANIZATIONNAME = planet;
				TargetAttributes = {
					5C7315572180AA39008687A5 = {
						CreatedOnToolsVersion = 10.0;
					};
					5C73156B2180AA3A008687A5 = {
						CreatedOnToolsVersion = 10.0;
						TestTargetID = 5C7315572180AA39008687A5;
					};
					5C7315762180AA3B008687A5 = {
						CreatedOnToolsVersion = 10.0;
						TestTargetID = 5C7315572180AA39008687A5;
					};
				};
			};
			buildConfigurationList = 5C7315532180AA39008687A5 /* Build configuration list for PBXProject "Planet" */;
			compatibilityVersion = "Xcode 9.3";
			developmentRegion = en;
			hasScannedForEncodings = 0;
			knownRegions = (
				en,
				Base,
			);
			mainGroup = 5C73154F2180AA39008687A5;
			productRefGroup = 5C7315592180AA39008687A5 /* Products */;
			projectDirPath = "";
			projectRoot = "";
			targets = (
				5C7315572180AA39008687A5 /* Planet */,
				5C73156B2180AA3A008687A5 /* PlanetTests */,
				5C7315762180AA3B008687A5 /* PlanetUITests */,
			);
		};
/* End PBXProject section */

/* Begin PBXResourcesBuildPhase section */
		5C7315562180AA39008687A5 /* Resources */ = {
			isa = PBXResourcesBuildPhase;
			buildActionMask = 2147483647;
			files = (
				5C7315662180AA3A008687A5 /* LaunchScreen.storyboard in Resources */,
				5C7315632180AA3A008687A5 /* Assets.xcassets in Resources */,
			);
			runOnlyForDeploymentPostprocessing = 0;
		};
		5C73156A2180AA3A008687A5 /* Resources */ = {
			isa = PBXResourcesBuildPhase;
			buildActionMask = 2147483647;
			files = (
			);
			runOnlyForDeploymentPostprocessing = 0;
		};
		5C7315752180AA3B008687A5 /* Resources */ = {
			isa = PBXResourcesBuildPhase;
			buildActionMask = 2147483647;
			files = (
			);
			runOnlyForDeploymentPostprocessing = 0;
		};
/* End PBXResourcesBuildPhase section */

/* Begin PBXShellScriptBuildPhase section */
		36346D51F5E9551AC934CDE3 /* [CP] Check Pods Manifest.lock */ = {
			isa = PBXShellScriptBuildPhase;
			buildActionMask = 2147483647;
			files = (
			);
			inputFileListPaths = (
			);
			inputPaths = (
				"${PODS_PODFILE_DIR_PATH}/Podfile.lock",
				"${PODS_ROOT}/Manifest.lock",
			);
			name = "[CP] Check Pods Manifest.lock";
			outputFileListPaths = (
			);
			outputPaths = (
				"$(DERIVED_FILE_DIR)/Pods-PlanetUITests-checkManifestLockResult.txt",
			);
			runOnlyForDeploymentPostprocessing = 0;
			shellPath = /bin/sh;
			shellScript = "diff \"${PODS_PODFILE_DIR_PATH}/Podfile.lock\" \"${PODS_ROOT}/Manifest.lock\" > /dev/null\nif [ $? != 0 ] ; then\n    # print error to STDERR\n    echo \"error: The sandbox is not in sync with the Podfile.lock. Run 'pod install' or update your CocoaPods installation.\" >&2\n    exit 1\nfi\n# This output is used by Xcode 'outputs' to avoid re-running this script phase.\necho \"SUCCESS\" > \"${SCRIPT_OUTPUT_FILE_0}\"\n";
			showEnvVarsInLog = 0;
		};
		7ABD1034130ADF1415132522 /* [CP] Embed Pods Frameworks */ = {
			isa = PBXShellScriptBuildPhase;
			buildActionMask = 2147483647;
			files = (
			);
			inputFileListPaths = (
			);
			inputPaths = (
				"${SRCROOT}/Pods/Target Support Files/Pods-Planet/Pods-Planet-frameworks.sh",
				"${BUILT_PRODUCTS_DIR}/ObjcExceptionBridging/ObjcExceptionBridging.framework",
				"${BUILT_PRODUCTS_DIR}/RxSwift/RxSwift.framework",
				"${BUILT_PRODUCTS_DIR}/XCGLogger/XCGLogger.framework",
			);
			name = "[CP] Embed Pods Frameworks";
			outputFileListPaths = (
			);
			outputPaths = (
				"${TARGET_BUILD_DIR}/${FRAMEWORKS_FOLDER_PATH}/ObjcExceptionBridging.framework",
				"${TARGET_BUILD_DIR}/${FRAMEWORKS_FOLDER_PATH}/RxSwift.framework",
				"${TARGET_BUILD_DIR}/${FRAMEWORKS_FOLDER_PATH}/XCGLogger.framework",
			);
			runOnlyForDeploymentPostprocessing = 0;
			shellPath = /bin/sh;
			shellScript = "\"${SRCROOT}/Pods/Target Support Files/Pods-Planet/Pods-Planet-frameworks.sh\"\n";
			showEnvVarsInLog = 0;
		};
		B2BE8881DB4246D0EB6E62C1 /* [CP] Check Pods Manifest.lock */ = {
			isa = PBXShellScriptBuildPhase;
			buildActionMask = 2147483647;
			files = (
			);
			inputFileListPaths = (
			);
			inputPaths = (
				"${PODS_PODFILE_DIR_PATH}/Podfile.lock",
				"${PODS_ROOT}/Manifest.lock",
			);
			name = "[CP] Check Pods Manifest.lock";
			outputFileListPaths = (
			);
			outputPaths = (
				"$(DERIVED_FILE_DIR)/Pods-Planet-checkManifestLockResult.txt",
			);
			runOnlyForDeploymentPostprocessing = 0;
			shellPath = /bin/sh;
			shellScript = "diff \"${PODS_PODFILE_DIR_PATH}/Podfile.lock\" \"${PODS_ROOT}/Manifest.lock\" > /dev/null\nif [ $? != 0 ] ; then\n    # print error to STDERR\n    echo \"error: The sandbox is not in sync with the Podfile.lock. Run 'pod install' or update your CocoaPods installation.\" >&2\n    exit 1\nfi\n# This output is used by Xcode 'outputs' to avoid re-running this script phase.\necho \"SUCCESS\" > \"${SCRIPT_OUTPUT_FILE_0}\"\n";
			showEnvVarsInLog = 0;
		};
		B7443F1557B2E6D370943251 /* [CP] Check Pods Manifest.lock */ = {
			isa = PBXShellScriptBuildPhase;
			buildActionMask = 2147483647;
			files = (
			);
			inputFileListPaths = (
			);
			inputPaths = (
				"${PODS_PODFILE_DIR_PATH}/Podfile.lock",
				"${PODS_ROOT}/Manifest.lock",
			);
			name = "[CP] Check Pods Manifest.lock";
			outputFileListPaths = (
			);
			outputPaths = (
				"$(DERIVED_FILE_DIR)/Pods-PlanetTests-checkManifestLockResult.txt",
			);
			runOnlyForDeploymentPostprocessing = 0;
			shellPath = /bin/sh;
			shellScript = "diff \"${PODS_PODFILE_DIR_PATH}/Podfile.lock\" \"${PODS_ROOT}/Manifest.lock\" > /dev/null\nif [ $? != 0 ] ; then\n    # print error to STDERR\n    echo \"error: The sandbox is not in sync with the Podfile.lock. Run 'pod install' or update your CocoaPods installation.\" >&2\n    exit 1\nfi\n# This output is used by Xcode 'outputs' to avoid re-running this script phase.\necho \"SUCCESS\" > \"${SCRIPT_OUTPUT_FILE_0}\"\n";
			showEnvVarsInLog = 0;
		};
/* End PBXShellScriptBuildPhase section */

/* Begin PBXSourcesBuildPhase section */
		5C7315542180AA39008687A5 /* Sources */ = {
			isa = PBXSourcesBuildPhase;
			buildActionMask = 2147483647;
			files = (
				5C73155E2180AA39008687A5 /* ViewController.swift in Sources */,
				5CD561702185C3BD005B008E /* TargetAction.swift in Sources */,
				5C364D0E21840BD9004E7318 /* PushNotificationsAppDelegate.swift in Sources */,
				5CA605F6218344DD00ACF852 /* TabBarController.swift in Sources */,
				5C73155C2180AA39008687A5 /* AppDelegate.swift in Sources */,
				5CA605E82183433100ACF852 /* ProfileViewController.swift in Sources */,
				5C364D1321840F16004E7318 /* ViewControllerAppDelegate.swift in Sources */,
				5C364D0C21836686004E7318 /* AppDelegateActive.swift in Sources */,
				5C364CFE2183530E004E7318 /* NavigationController.swift in Sources */,
				5C364D1021840CD3004E7318 /* AppearanceAppDelegate.swift in Sources */,
				5C364D0921836566004E7318 /* CommandBuilder.swift in Sources */,
				5CA605EC2183439D00ACF852 /* FavoriteViewController.swift in Sources */,
				5CA605EA2183435200ACF852 /* DiscoverViewController.swift in Sources */,
				5C364D0121835655004E7318 /* CommandProvider.swift in Sources */,
				5CA605E32183423100ACF852 /* Service.swift in Sources */,
				5C364D03218356F1004E7318 /* Command.swift in Sources */,
				5C364D152184169B004E7318 /* ThirdPartiesConfiguratorAppDelegate.swift in Sources */,
				5CA605E6218342F500ACF852 /* HomeViewController.swift in Sources */,
				5C364D1721841C8E004E7318 /* AppDelegateFactory.swift in Sources */,
			);
			runOnlyForDeploymentPostprocessing = 0;
		};
		5C7315682180AA3A008687A5 /* Sources */ = {
			isa = PBXSourcesBuildPhase;
			buildActionMask = 2147483647;
			files = (
				5C7315712180AA3A008687A5 /* PlanetTests.swift in Sources */,
			);
			runOnlyForDeploymentPostprocessing = 0;
		};
		5C7315732180AA3B008687A5 /* Sources */ = {
			isa = PBXSourcesBuildPhase;
			buildActionMask = 2147483647;
			files = (
				5C73157C2180AA3B008687A5 /* PlanetUITests.swift in Sources */,
			);
			runOnlyForDeploymentPostprocessing = 0;
		};
/* End PBXSourcesBuildPhase section */

/* Begin PBXTargetDependency section */
		5C73156E2180AA3A008687A5 /* PBXTargetDependency */ = {
			isa = PBXTargetDependency;
			target = 5C7315572180AA39008687A5 /* Planet */;
			targetProxy = 5C73156D2180AA3A008687A5 /* PBXContainerItemProxy */;
		};
		5C7315792180AA3B008687A5 /* PBXTargetDependency */ = {
			isa = PBXTargetDependency;
			target = 5C7315572180AA39008687A5 /* Planet */;
			targetProxy = 5C7315782180AA3B008687A5 /* PBXContainerItemProxy */;
		};
/* End PBXTargetDependency section */

/* Begin PBXVariantGroup section */
		5C7315642180AA3A008687A5 /* LaunchScreen.storyboard */ = {
			isa = PBXVariantGroup;
			children = (
				5C7315652180AA3A008687A5 /* Base */,
			);
			name = LaunchScreen.storyboard;
			path = .;
			sourceTree = "<group>";
		};
/* End PBXVariantGroup section */

/* Begin XCBuildConfiguration section */
		5C73157E2180AA3B008687A5 /* Debug */ = {
			isa = XCBuildConfiguration;
			buildSettings = {
				ALWAYS_SEARCH_USER_PATHS = NO;
				CLANG_ANALYZER_NONNULL = YES;
				CLANG_ANALYZER_NUMBER_OBJECT_CONVERSION = YES_AGGRESSIVE;
				CLANG_CXX_LANGUAGE_STANDARD = "gnu++14";
				CLANG_CXX_LIBRARY = "libc++";
				CLANG_ENABLE_MODULES = YES;
				CLANG_ENABLE_OBJC_ARC = YES;
				CLANG_ENABLE_OBJC_WEAK = YES;
				CLANG_WARN_BLOCK_CAPTURE_AUTORELEASING = YES;
				CLANG_WARN_BOOL_CONVERSION = YES;
				CLANG_WARN_COMMA = YES;
				CLANG_WARN_CONSTANT_CONVERSION = YES;
				CLANG_WARN_DEPRECATED_OBJC_IMPLEMENTATIONS = YES;
				CLANG_WARN_DIRECT_OBJC_ISA_USAGE = YES_ERROR;
				CLANG_WARN_DOCUMENTATION_COMMENTS = YES;
				CLANG_WARN_EMPTY_BODY = YES;
				CLANG_WARN_ENUM_CONVERSION = YES;
				CLANG_WARN_INFINITE_RECURSION = YES;
				CLANG_WARN_INT_CONVERSION = YES;
				CLANG_WARN_NON_LITERAL_NULL_CONVERSION = YES;
				CLANG_WARN_OBJC_IMPLICIT_RETAIN_SELF = YES;
				CLANG_WARN_OBJC_LITERAL_CONVERSION = YES;
				CLANG_WARN_OBJC_ROOT_CLASS = YES_ERROR;
				CLANG_WARN_RANGE_LOOP_ANALYSIS = YES;
				CLANG_WARN_STRICT_PROTOTYPES = YES;
				CLANG_WARN_SUSPICIOUS_MOVE = YES;
				CLANG_WARN_UNGUARDED_AVAILABILITY = YES_AGGRESSIVE;
				CLANG_WARN_UNREACHABLE_CODE = YES;
				CLANG_WARN__DUPLICATE_METHOD_MATCH = YES;
				CODE_SIGN_IDENTITY = "iPhone Developer";
				COPY_PHASE_STRIP = NO;
				DEBUG_INFORMATION_FORMAT = dwarf;
				ENABLE_STRICT_OBJC_MSGSEND = YES;
				ENABLE_TESTABILITY = YES;
				GCC_C_LANGUAGE_STANDARD = gnu11;
				GCC_DYNAMIC_NO_PIC = NO;
				GCC_NO_COMMON_BLOCKS = YES;
				GCC_OPTIMIZATION_LEVEL = 0;
				GCC_PREPROCESSOR_DEFINITIONS = (
					"DEBUG=1",
					"$(inherited)",
				);
				GCC_WARN_64_TO_32_BIT_CONVERSION = YES;
				GCC_WARN_ABOUT_RETURN_TYPE = YES_ERROR;
				GCC_WARN_UNDECLARED_SELECTOR = YES;
				GCC_WARN_UNINITIALIZED_AUTOS = YES_AGGRESSIVE;
				GCC_WARN_UNUSED_FUNCTION = YES;
				GCC_WARN_UNUSED_VARIABLE = YES;
				IPHONEOS_DEPLOYMENT_TARGET = 12.0;
				MTL_ENABLE_DEBUG_INFO = INCLUDE_SOURCE;
				MTL_FAST_MATH = YES;
				ONLY_ACTIVE_ARCH = YES;
				SDKROOT = iphoneos;
				SWIFT_ACTIVE_COMPILATION_CONDITIONS = DEBUG;
				SWIFT_OPTIMIZATION_LEVEL = "-Onone";
			};
			name = Debug;
		};
		5C73157F2180AA3B008687A5 /* Release */ = {
			isa = XCBuildConfiguration;
			buildSettings = {
				ALWAYS_SEARCH_USER_PATHS = NO;
				CLANG_ANALYZER_NONNULL = YES;
				CLANG_ANALYZER_NUMBER_OBJECT_CONVERSION = YES_AGGRESSIVE;
				CLANG_CXX_LANGUAGE_STANDARD = "gnu++14";
				CLANG_CXX_LIBRARY = "libc++";
				CLANG_ENABLE_MODULES = YES;
				CLANG_ENABLE_OBJC_ARC = YES;
				CLANG_ENABLE_OBJC_WEAK = YES;
				CLANG_WARN_BLOCK_CAPTURE_AUTORELEASING = YES;
				CLANG_WARN_BOOL_CONVERSION = YES;
				CLANG_WARN_COMMA = YES;
				CLANG_WARN_CONSTANT_CONVERSION = YES;
				CLANG_WARN_DEPRECATED_OBJC_IMPLEMENTATIONS = YES;
				CLANG_WARN_DIRECT_OBJC_ISA_USAGE = YES_ERROR;
				CLANG_WARN_DOCUMENTATION_COMMENTS = YES;
				CLANG_WARN_EMPTY_BODY = YES;
				CLANG_WARN_ENUM_CONVERSION = YES;
				CLANG_WARN_INFINITE_RECURSION = YES;
				CLANG_WARN_INT_CONVERSION = YES;
				CLANG_WARN_NON_LITERAL_NULL_CONVERSION = YES;
				CLANG_WARN_OBJC_IMPLICIT_RETAIN_SELF = YES;
				CLANG_WARN_OBJC_LITERAL_CONVERSION = YES;
				CLANG_WARN_OBJC_ROOT_CLASS = YES_ERROR;
				CLANG_WARN_RANGE_LOOP_ANALYSIS = YES;
				CLANG_WARN_STRICT_PROTOTYPES = YES;
				CLANG_WARN_SUSPICIOUS_MOVE = YES;
				CLANG_WARN_UNGUARDED_AVAILABILITY = YES_AGGRESSIVE;
				CLANG_WARN_UNREACHABLE_CODE = YES;
				CLANG_WARN__DUPLICATE_METHOD_MATCH = YES;
				CODE_SIGN_IDENTITY = "iPhone Developer";
				COPY_PHASE_STRIP = NO;
				DEBUG_INFORMATION_FORMAT = "dwarf-with-dsym";
				ENABLE_NS_ASSERTIONS = NO;
				ENABLE_STRICT_OBJC_MSGSEND = YES;
				GCC_C_LANGUAGE_STANDARD = gnu11;
				GCC_NO_COMMON_BLOCKS = YES;
				GCC_WARN_64_TO_32_BIT_CONVERSION = YES;
				GCC_WARN_ABOUT_RETURN_TYPE = YES_ERROR;
				GCC_WARN_UNDECLARED_SELECTOR = YES;
				GCC_WARN_UNINITIALIZED_AUTOS = YES_AGGRESSIVE;
				GCC_WARN_UNUSED_FUNCTION = YES;
				GCC_WARN_UNUSED_VARIABLE = YES;
				IPHONEOS_DEPLOYMENT_TARGET = 12.0;
				MTL_ENABLE_DEBUG_INFO = NO;
				MTL_FAST_MATH = YES;
				SDKROOT = iphoneos;
				SWIFT_COMPILATION_MODE = wholemodule;
				SWIFT_OPTIMIZATION_LEVEL = "-O";
				VALIDATE_PRODUCT = YES;
			};
			name = Release;
		};
		5C7315812180AA3B008687A5 /* Debug */ = {
			isa = XCBuildConfiguration;
			baseConfigurationReference = 3541C661A7D954443BD53E0B /* Pods-Planet.debug.xcconfig */;
			buildSettings = {
				ASSETCATALOG_COMPILER_APPICON_NAME = AppIcon;
				ASSETCATALOG_COMPILER_LAUNCHIMAGE_NAME = LaunchImage;
				CODE_SIGN_STYLE = Automatic;
				INFOPLIST_FILE = Planet/Info.plist;
				IPHONEOS_DEPLOYMENT_TARGET = 9.0;
				LD_RUNPATH_SEARCH_PATHS = (
					"$(inherited)",
					"@executable_path/Frameworks",
				);
				PRODUCT_BUNDLE_IDENTIFIER = com.loyep.Planet;
				PRODUCT_NAME = "$(TARGET_NAME)";
				SWIFT_VERSION = 4.2;
				TARGETED_DEVICE_FAMILY = "1,2";
			};
			name = Debug;
		};
		5C7315822180AA3B008687A5 /* Release */ = {
			isa = XCBuildConfiguration;
			baseConfigurationReference = F036DFC856CCCE498C688F8B /* Pods-Planet.release.xcconfig */;
			buildSettings = {
				ASSETCATALOG_COMPILER_APPICON_NAME = AppIcon;
				ASSETCATALOG_COMPILER_LAUNCHIMAGE_NAME = LaunchImage;
				CODE_SIGN_STYLE = Automatic;
				INFOPLIST_FILE = Planet/Info.plist;
				IPHONEOS_DEPLOYMENT_TARGET = 9.0;
				LD_RUNPATH_SEARCH_PATHS = (
					"$(inherited)",
					"@executable_path/Frameworks",
				);
				PRODUCT_BUNDLE_IDENTIFIER = com.loyep.Planet;
				PRODUCT_NAME = "$(TARGET_NAME)";
				SWIFT_VERSION = 4.2;
				TARGETED_DEVICE_FAMILY = "1,2";
			};
			name = Release;
		};
		5C7315842180AA3B008687A5 /* Debug */ = {
			isa = XCBuildConfiguration;
			baseConfigurationReference = 1B27B003E6B6A0EB40F157C6 /* Pods-PlanetTests.debug.xcconfig */;
			buildSettings = {
				ALWAYS_EMBED_SWIFT_STANDARD_LIBRARIES = YES;
				BUNDLE_LOADER = "$(TEST_HOST)";
				CODE_SIGN_STYLE = Automatic;
				INFOPLIST_FILE = PlanetTests/Info.plist;
				LD_RUNPATH_SEARCH_PATHS = (
					"$(inherited)",
					"@executable_path/Frameworks",
					"@loader_path/Frameworks",
				);
				PRODUCT_BUNDLE_IDENTIFIER = com.loyep.PlanetTests;
				PRODUCT_NAME = "$(TARGET_NAME)";
				SWIFT_VERSION = 4.2;
				TARGETED_DEVICE_FAMILY = "1,2";
				TEST_HOST = "$(BUILT_PRODUCTS_DIR)/Planet.app/Planet";
			};
			name = Debug;
		};
		5C7315852180AA3B008687A5 /* Release */ = {
			isa = XCBuildConfiguration;
			baseConfigurationReference = 0675695548FABCECB6467F6B /* Pods-PlanetTests.release.xcconfig */;
			buildSettings = {
				ALWAYS_EMBED_SWIFT_STANDARD_LIBRARIES = YES;
				BUNDLE_LOADER = "$(TEST_HOST)";
				CODE_SIGN_STYLE = Automatic;
				INFOPLIST_FILE = PlanetTests/Info.plist;
				LD_RUNPATH_SEARCH_PATHS = (
					"$(inherited)",
					"@executable_path/Frameworks",
					"@loader_path/Frameworks",
				);
				PRODUCT_BUNDLE_IDENTIFIER = com.loyep.PlanetTests;
				PRODUCT_NAME = "$(TARGET_NAME)";
				SWIFT_VERSION = 4.2;
				TARGETED_DEVICE_FAMILY = "1,2";
				TEST_HOST = "$(BUILT_PRODUCTS_DIR)/Planet.app/Planet";
			};
			name = Release;
		};
		5C7315872180AA3B008687A5 /* Debug */ = {
			isa = XCBuildConfiguration;
			baseConfigurationReference = F13A031023A2043860501547 /* Pods-PlanetUITests.debug.xcconfig */;
			buildSettings = {
				ALWAYS_EMBED_SWIFT_STANDARD_LIBRARIES = YES;
				CODE_SIGN_STYLE = Automatic;
				INFOPLIST_FILE = PlanetUITests/Info.plist;
				LD_RUNPATH_SEARCH_PATHS = (
					"$(inherited)",
					"@executable_path/Frameworks",
					"@loader_path/Frameworks",
				);
				PRODUCT_BUNDLE_IDENTIFIER = com.loyep.PlanetUITests;
				PRODUCT_NAME = "$(TARGET_NAME)";
				SWIFT_VERSION = 4.2;
				TARGETED_DEVICE_FAMILY = "1,2";
				TEST_TARGET_NAME = Planet;
			};
			name = Debug;
		};
		5C7315882180AA3B008687A5 /* Release */ = {
			isa = XCBuildConfiguration;
			baseConfigurationReference = 5FFA383E53BAD859AE6D313D /* Pods-PlanetUITests.release.xcconfig */;
			buildSettings = {
				ALWAYS_EMBED_SWIFT_STANDARD_LIBRARIES = YES;
				CODE_SIGN_STYLE = Automatic;
				INFOPLIST_FILE = PlanetUITests/Info.plist;
				LD_RUNPATH_SEARCH_PATHS = (
					"$(inherited)",
					"@executable_path/Frameworks",
					"@loader_path/Frameworks",
				);
				PRODUCT_BUNDLE_IDENTIFIER = com.loyep.PlanetUITests;
				PRODUCT_NAME = "$(TARGET_NAME)";
				SWIFT_VERSION = 4.2;
				TARGETED_DEVICE_FAMILY = "1,2";
				TEST_TARGET_NAME = Planet;
			};
			name = Release;
		};
/* End XCBuildConfiguration section */

/* Begin XCConfigurationList section */
		5C7315532180AA39008687A5 /* Build configuration list for PBXProject "Planet" */ = {
			isa = XCConfigurationList;
			buildConfigurations = (
				5C73157E2180AA3B008687A5 /* Debug */,
				5C73157F2180AA3B008687A5 /* Release */,
			);
			defaultConfigurationIsVisible = 0;
			defaultConfigurationName = Release;
		};
		5C7315802180AA3B008687A5 /* Build configuration list for PBXNativeTarget "Planet" */ = {
			isa = XCConfigurationList;
			buildConfigurations = (
				5C7315812180AA3B008687A5 /* Debug */,
				5C7315822180AA3B008687A5 /* Release */,
			);
			defaultConfigurationIsVisible = 0;
			defaultConfigurationName = Release;
		};
		5C7315832180AA3B008687A5 /* Build configuration list for PBXNativeTarget "PlanetTests" */ = {
			isa = XCConfigurationList;
			buildConfigurations = (
				5C7315842180AA3B008687A5 /* Debug */,
				5C7315852180AA3B008687A5 /* Release */,
			);
			defaultConfigurationIsVisible = 0;
			defaultConfigurationName = Release;
		};
		5C7315862180AA3B008687A5 /* Build configuration list for PBXNativeTarget "PlanetUITests" */ = {
			isa = XCConfigurationList;
			buildConfigurations = (
				5C7315872180AA3B008687A5 /* Debug */,
				5C7315882180AA3B008687A5 /* Release */,
			);
			defaultConfigurationIsVisible = 0;
			defaultConfigurationName = Release;
		};
/* End XCConfigurationList section */
	};
	rootObject = 5C7315502180AA39008687A5 /* Project object */;
}
